// !$*UTF8*$!
{
	archiveVersion = 1;
	classes = {
	};
	objectVersion = 77;
	objects = {

/* Begin PBXBuildFile section */
		177661FB2E20324E00A96B54 /* RevenueCat in Frameworks */ = {isa = PBXBuildFile; productRef = 177661FA2E20324E00A96B54 /* RevenueCat */; };
		17E1CBF32DCD2D790099FDAA /* Fitter V2 Watch App.app in Embed Watch Content */ = {isa = PBXBuildFile; fileRef = 17E1CBF22DCD2D790099FDAA /* Fitter V2 Watch App.app */; settings = {ATTRIBUTES = (RemoveHeadersOnCopy, ); }; };
		17E1CD3E2DCD65570099FDAA /* FirebaseAuth in Frameworks */ = {isa = PBXBuildFile; productRef = 17E1CD3D2DCD65570099FDAA /* FirebaseAuth */; };
		17E1CD402DCD65570099FDAA /* FirebaseCore in Frameworks */ = {isa = PBXBuildFile; productRef = 17E1CD3F2DCD65570099FDAA /* FirebaseCore */; };
		17E1CD422DCD65570099FDAA /* FirebaseFirestore in Frameworks */ = {isa = PBXBuildFile; productRef = 17E1CD412DCD65570099FDAA /* FirebaseFirestore */; };
		17E1CD4C2DCD6BAC0099FDAA /* GoogleSignIn in Frameworks */ = {isa = PBXBuildFile; productRef = 17E1CD4B2DCD6BAC0099FDAA /* GoogleSignIn */; };
		17E1CD4E2DCD6BAC0099FDAA /* GoogleSignInSwift in Frameworks */ = {isa = PBXBuildFile; productRef = 17E1CD4D2DCD6BAC0099FDAA /* GoogleSignInSwift */; };
		17E1CD6B2DD2A5A50099FDAA /* FacebookCore in Frameworks */ = {isa = PBXBuildFile; productRef = 17E1CD6A2DD2A5A50099FDAA /* FacebookCore */; };
		17E1CD6D2DD2A5A50099FDAA /* FacebookLogin in Frameworks */ = {isa = PBXBuildFile; productRef = 17E1CD6C2DD2A5A50099FDAA /* FacebookLogin */; };
		17F9B5742E203E7F00592BA9 /* KeychainAccess in Frameworks */ = {isa = PBXBuildFile; productRef = 17F9B5732E203E7F00592BA9 /* KeychainAccess */; };
/* End PBXBuildFile section */

/* Begin PBXContainerItemProxy section */
		17E1CBF42DCD2D790099FDAA /* PBXContainerItemProxy */ = {
			isa = PBXContainerItemProxy;
			containerPortal = 17E1CBDD2DCD2D770099FDAA /* Project object */;
			proxyType = 1;
			remoteGlobalIDString = 17E1CBF12DCD2D790099FDAA;
			remoteInfo = "Fitter V2 Watch App";
		};
/* End PBXContainerItemProxy section */

/* Begin PBXCopyFilesBuildPhase section */
		17E1CC022DCD2D7B0099FDAA /* Embed Watch Content */ = {
			isa = PBXCopyFilesBuildPhase;
			buildActionMask = 2147483647;
			dstPath = "$(CONTENTS_FOLDER_PATH)/Watch";
			dstSubfolderSpec = 16;
			files = (
				17E1CBF32DCD2D790099FDAA /* Fitter V2 Watch App.app in Embed Watch Content */,
			);
			name = "Embed Watch Content";
			runOnlyForDeploymentPostprocessing = 0;
		};
/* End PBXCopyFilesBuildPhase section */

/* Begin PBXFileReference section */
		17E1CBE52DCD2D770099FDAA /* Fitter V2.app */ = {isa = PBXFileReference; explicitFileType = wrapper.application; includeInIndex = 0; path = "Fitter V2.app"; sourceTree = BUILT_PRODUCTS_DIR; };
		17E1CBF22DCD2D790099FDAA /* Fitter V2 Watch App.app */ = {isa = PBXFileReference; explicitFileType = wrapper.application; includeInIndex = 0; path = "Fitter V2 Watch App.app"; sourceTree = BUILT_PRODUCTS_DIR; };
/* End PBXFileReference section */

/* Begin PBXFileSystemSynchronizedBuildFileExceptionSet section */
		178896002E25FFA50034B2A8 /* Exceptions for "Shared" folder in "Fitter V2 Watch App" target */ = {
			isa = PBXFileSystemSynchronizedBuildFileExceptionSet;
			membershipExceptions = (
				Services/SubscriptionManager.swift,
				UseCases/AuthUseCase.swift,
			);
			target = 17E1CBF12DCD2D790099FDAA /* Fitter V2 Watch App */;
		};
/* End PBXFileSystemSynchronizedBuildFileExceptionSet section */

/* Begin PBXFileSystemSynchronizedRootGroup section */
		17E1CDE52DD3BE0E0099FDAA /* Fitter V2 */ = {
			isa = PBXFileSystemSynchronizedRootGroup;
			path = "Fitter V2";
			sourceTree = "<group>";
		};
		17E1CDFC2DD3BE290099FDAA /* Fitter V2 Watch App */ = {
			isa = PBXFileSystemSynchronizedRootGroup;
			path = "Fitter V2 Watch App";
			sourceTree = "<group>";
		};
		17E3546C2DF0DB1000A820F4 /* Shared */ = {
			isa = PBXFileSystemSynchronizedRootGroup;
			exceptions = (
				178896002E25FFA50034B2A8 /* Exceptions for "Shared" folder in "Fitter V2 Watch App" target */,
			);
			path = Shared;
			sourceTree = "<group>";
		};
/* End PBXFileSystemSynchronizedRootGroup section */

/* Begin PBXFrameworksBuildPhase section */
		17E1CBE22DCD2D770099FDAA /* Frameworks */ = {
			isa = PBXFrameworksBuildPhase;
			buildActionMask = 2147483647;
			files = (
				17E1CD4E2DCD6BAC0099FDAA /* GoogleSignInSwift in Frameworks */,
				17E1CD6B2DD2A5A50099FDAA /* FacebookCore in Frameworks */,
				17F9B5742E203E7F00592BA9 /* KeychainAccess in Frameworks */,
				17E1CD402DCD65570099FDAA /* FirebaseCore in Frameworks */,
				17E1CD4C2DCD6BAC0099FDAA /* GoogleSignIn in Frameworks */,
				177661FB2E20324E00A96B54 /* RevenueCat in Frameworks */,
				17E1CD3E2DCD65570099FDAA /* FirebaseAuth in Frameworks */,
				17E1CD6D2DD2A5A50099FDAA /* FacebookLogin in Frameworks */,
				17E1CD422DCD65570099FDAA /* FirebaseFirestore in Frameworks */,
			);
			runOnlyForDeploymentPostprocessing = 0;
		};
		17E1CBEF2DCD2D790099FDAA /* Frameworks */ = {
			isa = PBXFrameworksBuildPhase;
			buildActionMask = 2147483647;
			files = (
			);
			runOnlyForDeploymentPostprocessing = 0;
		};
/* End PBXFrameworksBuildPhase section */

/* Begin PBXGroup section */
		17E1CBDC2DCD2D770099FDAA = {
			isa = PBXGroup;
			children = (
				17E3546C2DF0DB1000A820F4 /* Shared */,
				17E1CDE52DD3BE0E0099FDAA /* Fitter V2 */,
				17E1CDFC2DD3BE290099FDAA /* Fitter V2 Watch App */,
				17E1CBE62DCD2D770099FDAA /* Products */,
			);
			sourceTree = "<group>";
		};
		17E1CBE62DCD2D770099FDAA /* Products */ = {
			isa = PBXGroup;
			children = (
				17E1CBE52DCD2D770099FDAA /* Fitter V2.app */,
				17E1CBF22DCD2D790099FDAA /* Fitter V2 Watch App.app */,
			);
			name = Products;
			sourceTree = "<group>";
		};
/* End PBXGroup section */

/* Begin PBXNativeTarget section */
		17E1CBE42DCD2D770099FDAA /* Fitter V2 */ = {
			isa = PBXNativeTarget;
			buildConfigurationList = 17E1CC032DCD2D7B0099FDAA /* Build configuration list for PBXNativeTarget "Fitter V2" */;
			buildPhases = (
				17E1CBE12DCD2D770099FDAA /* Sources */,
				17E1CBE22DCD2D770099FDAA /* Frameworks */,
				17E1CBE32DCD2D770099FDAA /* Resources */,
				17E1CC022DCD2D7B0099FDAA /* Embed Watch Content */,
			);
			buildRules = (
			);
			dependencies = (
				17E1CBF52DCD2D790099FDAA /* PBXTargetDependency */,
			);
			fileSystemSynchronizedGroups = (
				17E1CDE52DD3BE0E0099FDAA /* Fitter V2 */,
				17E3546C2DF0DB1000A820F4 /* Shared */,
			);
			name = "Fitter V2";
			packageProductDependencies = (
				17E1CD3D2DCD65570099FDAA /* FirebaseAuth */,
				17E1CD3F2DCD65570099FDAA /* FirebaseCore */,
				17E1CD412DCD65570099FDAA /* FirebaseFirestore */,
				17E1CD4B2DCD6BAC0099FDAA /* GoogleSignIn */,
				17E1CD4D2DCD6BAC0099FDAA /* GoogleSignInSwift */,
				17E1CD6A2DD2A5A50099FDAA /* FacebookCore */,
				17E1CD6C2DD2A5A50099FDAA /* FacebookLogin */,
				177661FA2E20324E00A96B54 /* RevenueCat */,
				17F9B5732E203E7F00592BA9 /* KeychainAccess */,
			);
			productName = "Fitter V2";
			productReference = 17E1CBE52DCD2D770099FDAA /* Fitter V2.app */;
			productType = "com.apple.product-type.application";
		};
		17E1CBF12DCD2D790099FDAA /* Fitter V2 Watch App */ = {
			isa = PBXNativeTarget;
			buildConfigurationList = 17E1CBFF2DCD2D7B0099FDAA /* Build configuration list for PBXNativeTarget "Fitter V2 Watch App" */;
			buildPhases = (
				17E1CBEE2DCD2D790099FDAA /* Sources */,
				17E1CBEF2DCD2D790099FDAA /* Frameworks */,
				17E1CBF02DCD2D790099FDAA /* Resources */,
			);
			buildRules = (
			);
			dependencies = (
			);
			fileSystemSynchronizedGroups = (
				17E1CDFC2DD3BE290099FDAA /* Fitter V2 Watch App */,
				17E3546C2DF0DB1000A820F4 /* Shared */,
			);
			name = "Fitter V2 Watch App";
			packageProductDependencies = (
			);
			productName = "Fitter V2 Watch App";
			productReference = 17E1CBF22DCD2D790099FDAA /* Fitter V2 Watch App.app */;
			productType = "com.apple.product-type.application";
		};
/* End PBXNativeTarget section */

/* Begin PBXProject section */
		17E1CBDD2DCD2D770099FDAA /* Project object */ = {
			isa = PBXProject;
			attributes = {
				BuildIndependentTargetsInParallel = 1;
				LastSwiftUpdateCheck = 1630;
				LastUpgradeCheck = 1640;
				TargetAttributes = {
					17E1CBE42DCD2D770099FDAA = {
						CreatedOnToolsVersion = 16.3;
					};
					17E1CBF12DCD2D790099FDAA = {
						CreatedOnToolsVersion = 16.3;
					};
				};
			};
			buildConfigurationList = 17E1CBE02DCD2D770099FDAA /* Build configuration list for PBXProject "Fitter V2" */;
			developmentRegion = en;
			hasScannedForEncodings = 0;
			knownRegions = (
				en,
				Base,
			);
			mainGroup = 17E1CBDC2DCD2D770099FDAA;
			minimizedProjectReferenceProxies = 1;
			packageReferences = (
				17E1CD3C2DCD65570099FDAA /* XCRemoteSwiftPackageReference "firebase-ios-sdk" */,
				17E1CD4A2DCD6BAC0099FDAA /* XCRemoteSwiftPackageReference "GoogleSignIn-iOS" */,
				17E1CD692DD2A5A50099FDAA /* XCRemoteSwiftPackageReference "facebook-ios-sdk" */,
				177661F92E20324E00A96B54 /* XCRemoteSwiftPackageReference "purchases-ios" */,
				17F9B5722E203E7F00592BA9 /* XCRemoteSwiftPackageReference "KeychainAccess" */,
			);
			preferredProjectObjectVersion = 77;
			productRefGroup = 17E1CBE62DCD2D770099FDAA /* Products */;
			projectDirPath = "";
			projectRoot = "";
			targets = (
				17E1CBE42DCD2D770099FDAA /* Fitter V2 */,
				17E1CBF12DCD2D790099FDAA /* Fitter V2 Watch App */,
			);
		};
/* End PBXProject section */

/* Begin PBXResourcesBuildPhase section */
		17E1CBE32DCD2D770099FDAA /* Resources */ = {
			isa = PBXResourcesBuildPhase;
			buildActionMask = 2147483647;
			files = (
			);
			runOnlyForDeploymentPostprocessing = 0;
		};
		17E1CBF02DCD2D790099FDAA /* Resources */ = {
			isa = PBXResourcesBuildPhase;
			buildActionMask = 2147483647;
			files = (
			);
			runOnlyForDeploymentPostprocessing = 0;
		};
/* End PBXResourcesBuildPhase section */

/* Begin PBXSourcesBuildPhase section */
		17E1CBE12DCD2D770099FDAA /* Sources */ = {
			isa = PBXSourcesBuildPhase;
			buildActionMask = 2147483647;
			files = (
			);
			runOnlyForDeploymentPostprocessing = 0;
		};
		17E1CBEE2DCD2D790099FDAA /* Sources */ = {
			isa = PBXSourcesBuildPhase;
			buildActionMask = 2147483647;
			files = (
			);
			runOnlyForDeploymentPostprocessing = 0;
		};
/* End PBXSourcesBuildPhase section */

/* Begin PBXTargetDependency section */
		17E1CBF52DCD2D790099FDAA /* PBXTargetDependency */ = {
			isa = PBXTargetDependency;
			target = 17E1CBF12DCD2D790099FDAA /* Fitter V2 Watch App */;
			targetProxy = 17E1CBF42DCD2D790099FDAA /* PBXContainerItemProxy */;
		};
/* End PBXTargetDependency section */

/* Begin XCBuildConfiguration section */
		17E1CBFD2DCD2D7B0099FDAA /* Debug */ = {
			isa = XCBuildConfiguration;
			buildSettings = {
				ALWAYS_SEARCH_USER_PATHS = NO;
				ASSETCATALOG_COMPILER_GENERATE_SWIFT_ASSET_SYMBOL_EXTENSIONS = YES;
				CLANG_ANALYZER_NONNULL = YES;
				CLANG_ANALYZER_NUMBER_OBJECT_CONVERSION = YES_AGGRESSIVE;
				CLANG_CXX_LANGUAGE_STANDARD = "gnu++20";
				CLANG_ENABLE_MODULES = YES;
				CLANG_ENABLE_OBJC_ARC = YES;
				CLANG_ENABLE_OBJC_WEAK = YES;
				CLANG_WARN_BLOCK_CAPTURE_AUTORELEASING = YES;
				CLANG_WARN_BOOL_CONVERSION = YES;
				CLANG_WARN_COMMA = YES;
				CLANG_WARN_CONSTANT_CONVERSION = YES;
				CLANG_WARN_DEPRECATED_OBJC_IMPLEMENTATIONS = YES;
				CLANG_WARN_DIRECT_OBJC_ISA_USAGE = YES_ERROR;
				CLANG_WARN_DOCUMENTATION_COMMENTS = YES;
				CLANG_WARN_EMPTY_BODY = YES;
				CLANG_WARN_ENUM_CONVERSION = YES;
				CLANG_WARN_INFINITE_RECURSION = YES;
				CLANG_WARN_INT_CONVERSION = YES;
				CLANG_WARN_NON_LITERAL_NULL_CONVERSION = YES;
				CLANG_WARN_OBJC_IMPLICIT_RETAIN_SELF = YES;
				CLANG_WARN_OBJC_LITERAL_CONVERSION = YES;
				CLANG_WARN_OBJC_ROOT_CLASS = YES_ERROR;
				CLANG_WARN_QUOTED_INCLUDE_IN_FRAMEWORK_HEADER = YES;
				CLANG_WARN_RANGE_LOOP_ANALYSIS = YES;
				CLANG_WARN_STRICT_PROTOTYPES = YES;
				CLANG_WARN_SUSPICIOUS_MOVE = YES;
				CLANG_WARN_UNGUARDED_AVAILABILITY = YES_AGGRESSIVE;
				CLANG_WARN_UNREACHABLE_CODE = YES;
				CLANG_WARN__DUPLICATE_METHOD_MATCH = YES;
				COPY_PHASE_STRIP = NO;
				DEAD_CODE_STRIPPING = YES;
				DEBUG_INFORMATION_FORMAT = dwarf;
				DEVELOPMENT_TEAM = A6L4JWA5RW;
				ENABLE_STRICT_OBJC_MSGSEND = YES;
				ENABLE_TESTABILITY = YES;
				ENABLE_USER_SCRIPT_SANDBOXING = YES;
				GCC_C_LANGUAGE_STANDARD = gnu17;
				GCC_DYNAMIC_NO_PIC = NO;
				GCC_NO_COMMON_BLOCKS = YES;
				GCC_OPTIMIZATION_LEVEL = 0;
				GCC_PREPROCESSOR_DEFINITIONS = (
					"DEBUG=1",
					"$(inherited)",
				);
				GCC_WARN_64_TO_32_BIT_CONVERSION = YES;
				GCC_WARN_ABOUT_RETURN_TYPE = YES_ERROR;
				GCC_WARN_UNDECLARED_SELECTOR = YES;
				GCC_WARN_UNINITIALIZED_AUTOS = YES_AGGRESSIVE;
				GCC_WARN_UNUSED_FUNCTION = YES;
				GCC_WARN_UNUSED_VARIABLE = YES;
				LOCALIZATION_PREFERS_STRING_CATALOGS = YES;
				MTL_ENABLE_DEBUG_INFO = INCLUDE_SOURCE;
				MTL_FAST_MATH = YES;
				ONLY_ACTIVE_ARCH = YES;
				SWIFT_ACTIVE_COMPILATION_CONDITIONS = "DEBUG $(inherited)";
				SWIFT_OPTIMIZATION_LEVEL = "-Onone";
			};
			name = Debug;
		};
		17E1CBFE2DCD2D7B0099FDAA /* Release */ = {
			isa = XCBuildConfiguration;
			buildSettings = {
				ALWAYS_SEARCH_USER_PATHS = NO;
				ASSETCATALOG_COMPILER_GENERATE_SWIFT_ASSET_SYMBOL_EXTENSIONS = YES;
				CLANG_ANALYZER_NONNULL = YES;
				CLANG_ANALYZER_NUMBER_OBJECT_CONVERSION = YES_AGGRESSIVE;
				CLANG_CXX_LANGUAGE_STANDARD = "gnu++20";
				CLANG_ENABLE_MODULES = YES;
				CLANG_ENABLE_OBJC_ARC = YES;
				CLANG_ENABLE_OBJC_WEAK = YES;
				CLANG_WARN_BLOCK_CAPTURE_AUTORELEASING = YES;
				CLANG_WARN_BOOL_CONVERSION = YES;
				CLANG_WARN_COMMA = YES;
				CLANG_WARN_CONSTANT_CONVERSION = YES;
				CLANG_WARN_DEPRECATED_OBJC_IMPLEMENTATIONS = YES;
				CLANG_WARN_DIRECT_OBJC_ISA_USAGE = YES_ERROR;
				CLANG_WARN_DOCUMENTATION_COMMENTS = YES;
				CLANG_WARN_EMPTY_BODY = YES;
				CLANG_WARN_ENUM_CONVERSION = YES;
				CLANG_WARN_INFINITE_RECURSION = YES;
				CLANG_WARN_INT_CONVERSION = YES;
				CLANG_WARN_NON_LITERAL_NULL_CONVERSION = YES;
				CLANG_WARN_OBJC_IMPLICIT_RETAIN_SELF = YES;
				CLANG_WARN_OBJC_LITERAL_CONVERSION = YES;
				CLANG_WARN_OBJC_ROOT_CLASS = YES_ERROR;
				CLANG_WARN_QUOTED_INCLUDE_IN_FRAMEWORK_HEADER = YES;
				CLANG_WARN_RANGE_LOOP_ANALYSIS = YES;
				CLANG_WARN_STRICT_PROTOTYPES = YES;
				CLANG_WARN_SUSPICIOUS_MOVE = YES;
				CLANG_WARN_UNGUARDED_AVAILABILITY = YES_AGGRESSIVE;
				CLANG_WARN_UNREACHABLE_CODE = YES;
				CLANG_WARN__DUPLICATE_METHOD_MATCH = YES;
				COPY_PHASE_STRIP = NO;
				DEAD_CODE_STRIPPING = YES;
				DEBUG_INFORMATION_FORMAT = "dwarf-with-dsym";
				DEVELOPMENT_TEAM = A6L4JWA5RW;
				ENABLE_NS_ASSERTIONS = NO;
				ENABLE_STRICT_OBJC_MSGSEND = YES;
				ENABLE_USER_SCRIPT_SANDBOXING = YES;
				GCC_C_LANGUAGE_STANDARD = gnu17;
				GCC_NO_COMMON_BLOCKS = YES;
				GCC_WARN_64_TO_32_BIT_CONVERSION = YES;
				GCC_WARN_ABOUT_RETURN_TYPE = YES_ERROR;
				GCC_WARN_UNDECLARED_SELECTOR = YES;
				GCC_WARN_UNINITIALIZED_AUTOS = YES_AGGRESSIVE;
				GCC_WARN_UNUSED_FUNCTION = YES;
				GCC_WARN_UNUSED_VARIABLE = YES;
				LOCALIZATION_PREFERS_STRING_CATALOGS = YES;
				MTL_ENABLE_DEBUG_INFO = NO;
				MTL_FAST_MATH = YES;
				SWIFT_COMPILATION_MODE = wholemodule;
			};
			name = Release;
		};
		17E1CC002DCD2D7B0099FDAA /* Debug */ = {
			isa = XCBuildConfiguration;
			buildSettings = {
				ASSETCATALOG_COMPILER_APPICON_NAME = AppIcon;
				ASSETCATALOG_COMPILER_GLOBAL_ACCENT_COLOR_NAME = AccentColor;
				CODE_SIGN_ENTITLEMENTS = "Fitter V2 Watch App/Fitter V2 Watch App.entitlements";
				CODE_SIGN_STYLE = Automatic;
				CURRENT_PROJECT_VERSION = 1;
				DEVELOPMENT_TEAM = A6L4JWA5RW;
				ENABLE_PREVIEWS = YES;
				GENERATE_INFOPLIST_FILE = YES;
				INFOPLIST_FILE = "Fitter-V2-Watch-App-Info.plist";
				INFOPLIST_KEY_CFBundleDisplayName = Fitter;
				INFOPLIST_KEY_NSHealthShareUsageDescription = "Este aplicativo precisa acessar seus dados de saúde para monitorar treinos";
				INFOPLIST_KEY_NSHealthUpdateUsageDescription = "Este aplicativo precisa gravar dados de movimento e frequência cardíaca no Health";
				INFOPLIST_KEY_UISupportedInterfaceOrientations = "UIInterfaceOrientationPortrait UIInterfaceOrientationPortraitUpsideDown";
				INFOPLIST_KEY_WKCompanionAppBundleIdentifier = "odanlobo.github.io.Fitter-V2";
				INFOPLIST_KEY_WKRunsIndependentlyOfCompanionApp = NO;
				LD_RUNPATH_SEARCH_PATHS = (
					"$(inherited)",
					"@executable_path/Frameworks",
				);
				MARKETING_VERSION = 1.0;
				PRODUCT_BUNDLE_IDENTIFIER = "odanlobo.github.io.Fitter-V2.watchkitapp";
				PRODUCT_NAME = "$(TARGET_NAME)";
				SDKROOT = watchos;
				SKIP_INSTALL = YES;
				SWIFT_EMIT_LOC_STRINGS = YES;
				SWIFT_VERSION = 5.0;
				TARGETED_DEVICE_FAMILY = 4;
				WATCHOS_DEPLOYMENT_TARGET = 10;
			};
			name = Debug;
		};
		17E1CC012DCD2D7B0099FDAA /* Release */ = {
			isa = XCBuildConfiguration;
			buildSettings = {
				ASSETCATALOG_COMPILER_APPICON_NAME = AppIcon;
				ASSETCATALOG_COMPILER_GLOBAL_ACCENT_COLOR_NAME = AccentColor;
				CODE_SIGN_ENTITLEMENTS = "Fitter V2 Watch App/Fitter V2 Watch App.entitlements";
				CODE_SIGN_STYLE = Automatic;
				CURRENT_PROJECT_VERSION = 1;
				DEVELOPMENT_TEAM = A6L4JWA5RW;
				ENABLE_PREVIEWS = YES;
				GENERATE_INFOPLIST_FILE = YES;
				INFOPLIST_FILE = "Fitter-V2-Watch-App-Info.plist";
				INFOPLIST_KEY_CFBundleDisplayName = Fitter;
				INFOPLIST_KEY_NSHealthShareUsageDescription = "Este aplicativo precisa acessar seus dados de saúde para monitorar treinos";
				INFOPLIST_KEY_NSHealthUpdateUsageDescription = "Este aplicativo precisa gravar dados de movimento e frequência cardíaca no Health";
				INFOPLIST_KEY_UISupportedInterfaceOrientations = "UIInterfaceOrientationPortrait UIInterfaceOrientationPortraitUpsideDown";
				INFOPLIST_KEY_WKCompanionAppBundleIdentifier = "odanlobo.github.io.Fitter-V2";
				INFOPLIST_KEY_WKRunsIndependentlyOfCompanionApp = NO;
				LD_RUNPATH_SEARCH_PATHS = (
					"$(inherited)",
					"@executable_path/Frameworks",
				);
				MARKETING_VERSION = 1.0;
				PRODUCT_BUNDLE_IDENTIFIER = "odanlobo.github.io.Fitter-V2.watchkitapp";
				PRODUCT_NAME = "$(TARGET_NAME)";
				SDKROOT = watchos;
				SKIP_INSTALL = YES;
				SWIFT_EMIT_LOC_STRINGS = YES;
				SWIFT_VERSION = 5.0;
				TARGETED_DEVICE_FAMILY = 4;
				VALIDATE_PRODUCT = YES;
				WATCHOS_DEPLOYMENT_TARGET = 10;
			};
			name = Release;
		};
		17E1CC042DCD2D7B0099FDAA /* Debug */ = {
			isa = XCBuildConfiguration;
			buildSettings = {
				ASSETCATALOG_COMPILER_APPICON_NAME = AppIcon;
				ASSETCATALOG_COMPILER_GLOBAL_ACCENT_COLOR_NAME = AccentColor;
				CODE_SIGN_ENTITLEMENTS = "Fitter V2/Fitter V2.entitlements";
				CODE_SIGN_STYLE = Automatic;
				CURRENT_PROJECT_VERSION = 1;
				DEVELOPMENT_TEAM = A6L4JWA5RW;
				ENABLE_PREVIEWS = YES;
				GENERATE_INFOPLIST_FILE = YES;
				INFOPLIST_FILE = "Fitter-V2-Info.plist";
				INFOPLIST_KEY_CFBundleDisplayName = Fitter;
				INFOPLIST_KEY_NSHealthClinicalHealthRecordsShareUsageDescription = "Este aplicativo precisa acessar seus dados clínicos para análise";
				INFOPLIST_KEY_NSHealthShareUsageDescription = "Este aplicativo precisa acessar seus dados de saúde para processar informações de treino";
				INFOPLIST_KEY_NSHealthUpdateUsageDescription = "Este aplicativo precisa gravar dados de treino no Health";
				INFOPLIST_KEY_UIApplicationSceneManifest_Generation = YES;
				INFOPLIST_KEY_UIApplicationSupportsIndirectInputEvents = YES;
				INFOPLIST_KEY_UILaunchScreen_Generation = YES;
				INFOPLIST_KEY_UISupportedInterfaceOrientations_iPad = "UIInterfaceOrientationPortrait UIInterfaceOrientationPortraitUpsideDown UIInterfaceOrientationLandscapeLeft UIInterfaceOrientationLandscapeRight";
				INFOPLIST_KEY_UISupportedInterfaceOrientations_iPhone = "UIInterfaceOrientationPortrait UIInterfaceOrientationLandscapeLeft UIInterfaceOrientationLandscapeRight";
				INFOPLIST_KEY_WKRunsIndependentlyOfCompanionApp = YES;
				IPHONEOS_DEPLOYMENT_TARGET = 17;
				LD_RUNPATH_SEARCH_PATHS = (
					"$(inherited)",
					"@executable_path/Frameworks",
				);
				MARKETING_VERSION = 1.0;
				PRODUCT_BUNDLE_IDENTIFIER = "odanlobo.github.io.Fitter-V2";
				PRODUCT_NAME = "$(TARGET_NAME)";
				SDKROOT = iphoneos;
				SUPPORTED_PLATFORMS = "iphoneos iphonesimulator";
				SUPPORTS_MACCATALYST = NO;
				SUPPORTS_MAC_DESIGNED_FOR_IPHONE_IPAD = NO;
				SUPPORTS_XR_DESIGNED_FOR_IPHONE_IPAD = NO;
				SWIFT_EMIT_LOC_STRINGS = YES;
				SWIFT_VERSION = 5.0;
				TARGETED_DEVICE_FAMILY = "1,2";
			};
			name = Debug;
		};
		17E1CC052DCD2D7B0099FDAA /* Release */ = {
			isa = XCBuildConfiguration;
			buildSettings = {
				ASSETCATALOG_COMPILER_APPICON_NAME = AppIcon;
				ASSETCATALOG_COMPILER_GLOBAL_ACCENT_COLOR_NAME = AccentColor;
				CODE_SIGN_ENTITLEMENTS = "Fitter V2/Fitter V2.entitlements";
				CODE_SIGN_STYLE = Automatic;
				CURRENT_PROJECT_VERSION = 1;
				DEVELOPMENT_TEAM = A6L4JWA5RW;
				ENABLE_PREVIEWS = YES;
				GENERATE_INFOPLIST_FILE = YES;
				INFOPLIST_FILE = "Fitter-V2-Info.plist";
				INFOPLIST_KEY_CFBundleDisplayName = Fitter;
				INFOPLIST_KEY_NSHealthClinicalHealthRecordsShareUsageDescription = "Este aplicativo precisa acessar seus dados clínicos para análise";
				INFOPLIST_KEY_NSHealthShareUsageDescription = "Este aplicativo precisa acessar seus dados de saúde para processar informações de treino";
				INFOPLIST_KEY_NSHealthUpdateUsageDescription = "Este aplicativo precisa gravar dados de treino no Health";
				INFOPLIST_KEY_UIApplicationSceneManifest_Generation = YES;
				INFOPLIST_KEY_UIApplicationSupportsIndirectInputEvents = YES;
				INFOPLIST_KEY_UILaunchScreen_Generation = YES;
				INFOPLIST_KEY_UISupportedInterfaceOrientations_iPad = "UIInterfaceOrientationPortrait UIInterfaceOrientationPortraitUpsideDown UIInterfaceOrientationLandscapeLeft UIInterfaceOrientationLandscapeRight";
				INFOPLIST_KEY_UISupportedInterfaceOrientations_iPhone = "UIInterfaceOrientationPortrait UIInterfaceOrientationLandscapeLeft UIInterfaceOrientationLandscapeRight";
				INFOPLIST_KEY_WKRunsIndependentlyOfCompanionApp = YES;
				IPHONEOS_DEPLOYMENT_TARGET = 17;
				LD_RUNPATH_SEARCH_PATHS = (
					"$(inherited)",
					"@executable_path/Frameworks",
				);
				MARKETING_VERSION = 1.0;
				PRODUCT_BUNDLE_IDENTIFIER = "odanlobo.github.io.Fitter-V2";
				PRODUCT_NAME = "$(TARGET_NAME)";
				SDKROOT = iphoneos;
				SUPPORTED_PLATFORMS = "iphoneos iphonesimulator";
				SUPPORTS_MACCATALYST = NO;
				SUPPORTS_MAC_DESIGNED_FOR_IPHONE_IPAD = NO;
				SUPPORTS_XR_DESIGNED_FOR_IPHONE_IPAD = NO;
				SWIFT_EMIT_LOC_STRINGS = YES;
				SWIFT_VERSION = 5.0;
				TARGETED_DEVICE_FAMILY = "1,2";
				VALIDATE_PRODUCT = YES;
			};
			name = Release;
		};
/* End XCBuildConfiguration section */

/* Begin XCConfigurationList section */
		17E1CBE02DCD2D770099FDAA /* Build configuration list for PBXProject "Fitter V2" */ = {
			isa = XCConfigurationList;
			buildConfigurations = (
				17E1CBFD2DCD2D7B0099FDAA /* Debug */,
				17E1CBFE2DCD2D7B0099FDAA /* Release */,
			);
			defaultConfigurationIsVisible = 0;
			defaultConfigurationName = Release;
		};
		17E1CBFF2DCD2D7B0099FDAA /* Build configuration list for PBXNativeTarget "Fitter V2 Watch App" */ = {
			isa = XCConfigurationList;
			buildConfigurations = (
				17E1CC002DCD2D7B0099FDAA /* Debug */,
				17E1CC012DCD2D7B0099FDAA /* Release */,
			);
			defaultConfigurationIsVisible = 0;
			defaultConfigurationName = Release;
		};
		17E1CC032DCD2D7B0099FDAA /* Build configuration list for PBXNativeTarget "Fitter V2" */ = {
			isa = XCConfigurationList;
			buildConfigurations = (
				17E1CC042DCD2D7B0099FDAA /* Debug */,
				17E1CC052DCD2D7B0099FDAA /* Release */,
			);
			defaultConfigurationIsVisible = 0;
			defaultConfigurationName = Release;
		};
/* End XCConfigurationList section */

/* Begin XCRemoteSwiftPackageReference section */
		177661F92E20324E00A96B54 /* XCRemoteSwiftPackageReference "purchases-ios" */ = {
			isa = XCRemoteSwiftPackageReference;
			repositoryURL = "https://github.com/RevenueCat/purchases-ios";
			requirement = {
				kind = upToNextMajorVersion;
				minimumVersion = 5.32.0;
			};
		};
		17E1CD3C2DCD65570099FDAA /* XCRemoteSwiftPackageReference "firebase-ios-sdk" */ = {
			isa = XCRemoteSwiftPackageReference;
			repositoryURL = "https://github.com/firebase/firebase-ios-sdk";
			requirement = {
				kind = upToNextMajorVersion;
				minimumVersion = 11.12.0;
			};
		};
		17E1CD4A2DCD6BAC0099FDAA /* XCRemoteSwiftPackageReference "GoogleSignIn-iOS" */ = {
			isa = XCRemoteSwiftPackageReference;
			repositoryURL = "https://github.com/google/GoogleSignIn-iOS";
			requirement = {
				kind = upToNextMajorVersion;
				minimumVersion = 8.0.0;
			};
		};
		17E1CD692DD2A5A50099FDAA /* XCRemoteSwiftPackageReference "facebook-ios-sdk" */ = {
			isa = XCRemoteSwiftPackageReference;
			repositoryURL = "https://github.com/facebook/facebook-ios-sdk.git";
			requirement = {
				kind = upToNextMajorVersion;
				minimumVersion = 14.1.0;
			};
		};
		17F9B5722E203E7F00592BA9 /* XCRemoteSwiftPackageReference "KeychainAccess" */ = {
			isa = XCRemoteSwiftPackageReference;
			repositoryURL = "https://github.com/kishikawakatsumi/KeychainAccess";
			requirement = {
				branch = master;
				kind = branch;
			};
		};
/* End XCRemoteSwiftPackageReference section */

/* Begin XCSwiftPackageProductDependency section */
		177661FA2E20324E00A96B54 /* RevenueCat */ = {
			isa = XCSwiftPackageProductDependency;
			package = 177661F92E20324E00A96B54 /* XCRemoteSwiftPackageReference "purchases-ios" */;
			productName = RevenueCat;
		};
		17E1CD3D2DCD65570099FDAA /* FirebaseAuth */ = {
			isa = XCSwiftPackageProductDependency;
			package = 17E1CD3C2DCD65570099FDAA /* XCRemoteSwiftPackageReference "firebase-ios-sdk" */;
			productName = FirebaseAuth;
		};
		17E1CD3F2DCD65570099FDAA /* FirebaseCore */ = {
			isa = XCSwiftPackageProductDependency;
			package = 17E1CD3C2DCD65570099FDAA /* XCRemoteSwiftPackageReference "firebase-ios-sdk" */;
			productName = FirebaseCore;
		};
		17E1CD412DCD65570099FDAA /* FirebaseFirestore */ = {
			isa = XCSwiftPackageProductDependency;
			package = 17E1CD3C2DCD65570099FDAA /* XCRemoteSwiftPackageReference "firebase-ios-sdk" */;
			productName = FirebaseFirestore;
		};
		17E1CD4B2DCD6BAC0099FDAA /* GoogleSignIn */ = {
			isa = XCSwiftPackageProductDependency;
			package = 17E1CD4A2DCD6BAC0099FDAA /* XCRemoteSwiftPackageReference "GoogleSignIn-iOS" */;
			productName = GoogleSignIn;
		};
		17E1CD4D2DCD6BAC0099FDAA /* GoogleSignInSwift */ = {
			isa = XCSwiftPackageProductDependency;
			package = 17E1CD4A2DCD6BAC0099FDAA /* XCRemoteSwiftPackageReference "GoogleSignIn-iOS" */;
			productName = GoogleSignInSwift;
		};
		17E1CD6A2DD2A5A50099FDAA /* FacebookCore */ = {
			isa = XCSwiftPackageProductDependency;
			package = 17E1CD692DD2A5A50099FDAA /* XCRemoteSwiftPackageReference "facebook-ios-sdk" */;
			productName = FacebookCore;
		};
		17E1CD6C2DD2A5A50099FDAA /* FacebookLogin */ = {
			isa = XCSwiftPackageProductDependency;
			package = 17E1CD692DD2A5A50099FDAA /* XCRemoteSwiftPackageReference "facebook-ios-sdk" */;
			productName = FacebookLogin;
		};
		17F9B5732E203E7F00592BA9 /* KeychainAccess */ = {
			isa = XCSwiftPackageProductDependency;
			package = 17F9B5722E203E7F00592BA9 /* XCRemoteSwiftPackageReference "KeychainAccess" */;
			productName = KeychainAccess;
		};
/* End XCSwiftPackageProductDependency section */
	};
	rootObject = 17E1CBDD2DCD2D770099FDAA /* Project object */;
}
